// !$*UTF8*$!
{
	archiveVersion = 1;
	classes = {
	};
	objectVersion = 50;
	objects = {

/* Begin PBXBuildFile section */
		0A5BE17D577518B28D3EF74C /* Pods_Fitness.framework in Frameworks */ = {isa = PBXBuildFile; fileRef = 0491E0D3B7621B8EAAFA1E48 /* Pods_Fitness.framework */; };
		1A5C4C1D512BE0EC70B6974F /* Pods_FitnessTests.framework in Frameworks */ = {isa = PBXBuildFile; fileRef = 37937BD1C21DE6B1F2C892DD /* Pods_FitnessTests.framework */; };
		B59768D824DFDCCE00E552B4 /* AppDelegate.swift in Sources */ = {isa = PBXBuildFile; fileRef = B59768D724DFDCCE00E552B4 /* AppDelegate.swift */; };
		B59768DA24DFDCCE00E552B4 /* SceneDelegate.swift in Sources */ = {isa = PBXBuildFile; fileRef = B59768D924DFDCCE00E552B4 /* SceneDelegate.swift */; };
		B59768DC24DFDCCE00E552B4 /* ContentView.swift in Sources */ = {isa = PBXBuildFile; fileRef = B59768DB24DFDCCE00E552B4 /* ContentView.swift */; };
		B59768DE24DFDCD600E552B4 /* Assets.xcassets in Resources */ = {isa = PBXBuildFile; fileRef = B59768DD24DFDCD600E552B4 /* Assets.xcassets */; };
		B59768E124DFDCD600E552B4 /* Preview Assets.xcassets in Resources */ = {isa = PBXBuildFile; fileRef = B59768E024DFDCD600E552B4 /* Preview Assets.xcassets */; };
		B59768E424DFDCD600E552B4 /* LaunchScreen.storyboard in Resources */ = {isa = PBXBuildFile; fileRef = B59768E224DFDCD600E552B4 /* LaunchScreen.storyboard */; };
		B59768EF24DFDCD700E552B4 /* FitnessTests.swift in Sources */ = {isa = PBXBuildFile; fileRef = B59768EE24DFDCD700E552B4 /* FitnessTests.swift */; };
		B59768FA24DFDCD700E552B4 /* FitnessUITests.swift in Sources */ = {isa = PBXBuildFile; fileRef = B59768F924DFDCD700E552B4 /* FitnessUITests.swift */; };
		B597690824DFDD5F00E552B4 /* GoogleService-Info.plist in Resources */ = {isa = PBXBuildFile; fileRef = B597690724DFDD5F00E552B4 /* GoogleService-Info.plist */; };
		C9341ABCB0FE526F36FCDF84 /* Pods_Fitness_FitnessUITests.framework in Frameworks */ = {isa = PBXBuildFile; fileRef = 818CFCCFFE2855C813A4ED0F /* Pods_Fitness_FitnessUITests.framework */; };
/* End PBXBuildFile section */

/* Begin PBXContainerItemProxy section */
		B59768EB24DFDCD700E552B4 /* PBXContainerItemProxy */ = {
			isa = PBXContainerItemProxy;
			containerPortal = B59768CC24DFDCCE00E552B4 /* Project object */;
			proxyType = 1;
			remoteGlobalIDString = B59768D324DFDCCE00E552B4;
			remoteInfo = Fitness;
		};
		B59768F624DFDCD700E552B4 /* PBXContainerItemProxy */ = {
			isa = PBXContainerItemProxy;
			containerPortal = B59768CC24DFDCCE00E552B4 /* Project object */;
			proxyType = 1;
			remoteGlobalIDString = B59768D324DFDCCE00E552B4;
			remoteInfo = Fitness;
		};
/* End PBXContainerItemProxy section */

/* Begin PBXFileReference section */
		0491E0D3B7621B8EAAFA1E48 /* Pods_Fitness.framework */ = {isa = PBXFileReference; explicitFileType = wrapper.framework; includeInIndex = 0; path = Pods_Fitness.framework; sourceTree = BUILT_PRODUCTS_DIR; };
		37937BD1C21DE6B1F2C892DD /* Pods_FitnessTests.framework */ = {isa = PBXFileReference; explicitFileType = wrapper.framework; includeInIndex = 0; path = Pods_FitnessTests.framework; sourceTree = BUILT_PRODUCTS_DIR; };
		76819EF9E91873E270DAB0E0 /* Pods-FitnessTests.debug.xcconfig */ = {isa = PBXFileReference; includeInIndex = 1; lastKnownFileType = text.xcconfig; name = "Pods-FitnessTests.debug.xcconfig"; path = "Target Support Files/Pods-FitnessTests/Pods-FitnessTests.debug.xcconfig"; sourceTree = "<group>"; };
		77A73B93AC37126A369F73DB /* Pods-Fitness-FitnessUITests.debug.xcconfig */ = {isa = PBXFileReference; includeInIndex = 1; lastKnownFileType = text.xcconfig; name = "Pods-Fitness-FitnessUITests.debug.xcconfig"; path = "Target Support Files/Pods-Fitness-FitnessUITests/Pods-Fitness-FitnessUITests.debug.xcconfig"; sourceTree = "<group>"; };
		801CD3102303FE8ADFFD9878 /* Pods-Fitness.debug.xcconfig */ = {isa = PBXFileReference; includeInIndex = 1; lastKnownFileType = text.xcconfig; name = "Pods-Fitness.debug.xcconfig"; path = "Target Support Files/Pods-Fitness/Pods-Fitness.debug.xcconfig"; sourceTree = "<group>"; };
		818CFCCFFE2855C813A4ED0F /* Pods_Fitness_FitnessUITests.framework */ = {isa = PBXFileReference; explicitFileType = wrapper.framework; includeInIndex = 0; path = Pods_Fitness_FitnessUITests.framework; sourceTree = BUILT_PRODUCTS_DIR; };
		8B47F0F30250C5FF6FF81A09 /* Pods-Fitness.release.xcconfig */ = {isa = PBXFileReference; includeInIndex = 1; lastKnownFileType = text.xcconfig; name = "Pods-Fitness.release.xcconfig"; path = "Target Support Files/Pods-Fitness/Pods-Fitness.release.xcconfig"; sourceTree = "<group>"; };
		A458399FE86C439B038FBCA6 /* Pods-FitnessTests.release.xcconfig */ = {isa = PBXFileReference; includeInIndex = 1; lastKnownFileType = text.xcconfig; name = "Pods-FitnessTests.release.xcconfig"; path = "Target Support Files/Pods-FitnessTests/Pods-FitnessTests.release.xcconfig"; sourceTree = "<group>"; };
		B59768D424DFDCCE00E552B4 /* Fitness.app */ = {isa = PBXFileReference; explicitFileType = wrapper.application; includeInIndex = 0; path = Fitness.app; sourceTree = BUILT_PRODUCTS_DIR; };
		B59768D724DFDCCE00E552B4 /* AppDelegate.swift */ = {isa = PBXFileReference; lastKnownFileType = sourcecode.swift; path = AppDelegate.swift; sourceTree = "<group>"; };
		B59768D924DFDCCE00E552B4 /* SceneDelegate.swift */ = {isa = PBXFileReference; lastKnownFileType = sourcecode.swift; path = SceneDelegate.swift; sourceTree = "<group>"; };
		B59768DB24DFDCCE00E552B4 /* ContentView.swift */ = {isa = PBXFileReference; lastKnownFileType = sourcecode.swift; path = ContentView.swift; sourceTree = "<group>"; };
		B59768DD24DFDCD600E552B4 /* Assets.xcassets */ = {isa = PBXFileReference; lastKnownFileType = folder.assetcatalog; path = Assets.xcassets; sourceTree = "<group>"; };
		B59768E024DFDCD600E552B4 /* Preview Assets.xcassets */ = {isa = PBXFileReference; lastKnownFileType = folder.assetcatalog; path = "Preview Assets.xcassets"; sourceTree = "<group>"; };
		B59768E324DFDCD600E552B4 /* Base */ = {isa = PBXFileReference; lastKnownFileType = file.storyboard; name = Base; path = Base.lproj/LaunchScreen.storyboard; sourceTree = "<group>"; };
		B59768E524DFDCD600E552B4 /* Info.plist */ = {isa = PBXFileReference; lastKnownFileType = text.plist.xml; path = Info.plist; sourceTree = "<group>"; };
		B59768EA24DFDCD700E552B4 /* FitnessTests.xctest */ = {isa = PBXFileReference; explicitFileType = wrapper.cfbundle; includeInIndex = 0; path = FitnessTests.xctest; sourceTree = BUILT_PRODUCTS_DIR; };
		B59768EE24DFDCD700E552B4 /* FitnessTests.swift */ = {isa = PBXFileReference; lastKnownFileType = sourcecode.swift; path = FitnessTests.swift; sourceTree = "<group>"; };
		B59768F024DFDCD700E552B4 /* Info.plist */ = {isa = PBXFileReference; lastKnownFileType = text.plist.xml; path = Info.plist; sourceTree = "<group>"; };
		B59768F524DFDCD700E552B4 /* FitnessUITests.xctest */ = {isa = PBXFileReference; explicitFileType = wrapper.cfbundle; includeInIndex = 0; path = FitnessUITests.xctest; sourceTree = BUILT_PRODUCTS_DIR; };
		B59768F924DFDCD700E552B4 /* FitnessUITests.swift */ = {isa = PBXFileReference; lastKnownFileType = sourcecode.swift; path = FitnessUITests.swift; sourceTree = "<group>"; };
		B59768FB24DFDCD700E552B4 /* Info.plist */ = {isa = PBXFileReference; lastKnownFileType = text.plist.xml; path = Info.plist; sourceTree = "<group>"; };
		B597690724DFDD5F00E552B4 /* GoogleService-Info.plist */ = {isa = PBXFileReference; fileEncoding = 4; lastKnownFileType = text.plist.xml; path = "GoogleService-Info.plist"; sourceTree = "<group>"; };
		D08757E7628E626C019994E3 /* Pods-Fitness-FitnessUITests.release.xcconfig */ = {isa = PBXFileReference; includeInIndex = 1; lastKnownFileType = text.xcconfig; name = "Pods-Fitness-FitnessUITests.release.xcconfig"; path = "Target Support Files/Pods-Fitness-FitnessUITests/Pods-Fitness-FitnessUITests.release.xcconfig"; sourceTree = "<group>"; };
/* End PBXFileReference section */

/* Begin PBXFrameworksBuildPhase section */
		B59768D124DFDCCE00E552B4 /* Frameworks */ = {
			isa = PBXFrameworksBuildPhase;
			buildActionMask = 2147483647;
			files = (
				0A5BE17D577518B28D3EF74C /* Pods_Fitness.framework in Frameworks */,
			);
			runOnlyForDeploymentPostprocessing = 0;
		};
		B59768E724DFDCD700E552B4 /* Frameworks */ = {
			isa = PBXFrameworksBuildPhase;
			buildActionMask = 2147483647;
			files = (
				1A5C4C1D512BE0EC70B6974F /* Pods_FitnessTests.framework in Frameworks */,
			);
			runOnlyForDeploymentPostprocessing = 0;
		};
		B59768F224DFDCD700E552B4 /* Frameworks */ = {
			isa = PBXFrameworksBuildPhase;
			buildActionMask = 2147483647;
			files = (
				C9341ABCB0FE526F36FCDF84 /* Pods_Fitness_FitnessUITests.framework in Frameworks */,
			);
			runOnlyForDeploymentPostprocessing = 0;
		};
/* End PBXFrameworksBuildPhase section */

/* Begin PBXGroup section */
		006F6BB335087B2C761AABC6 /* Frameworks */ = {
			isa = PBXGroup;
			children = (
				0491E0D3B7621B8EAAFA1E48 /* Pods_Fitness.framework */,
				818CFCCFFE2855C813A4ED0F /* Pods_Fitness_FitnessUITests.framework */,
				37937BD1C21DE6B1F2C892DD /* Pods_FitnessTests.framework */,
			);
			name = Frameworks;
			sourceTree = "<group>";
		};
		A8C0964D089C353C8BF736B3 /* Pods */ = {
			isa = PBXGroup;
			children = (
				801CD3102303FE8ADFFD9878 /* Pods-Fitness.debug.xcconfig */,
				8B47F0F30250C5FF6FF81A09 /* Pods-Fitness.release.xcconfig */,
				77A73B93AC37126A369F73DB /* Pods-Fitness-FitnessUITests.debug.xcconfig */,
				D08757E7628E626C019994E3 /* Pods-Fitness-FitnessUITests.release.xcconfig */,
				76819EF9E91873E270DAB0E0 /* Pods-FitnessTests.debug.xcconfig */,
				A458399FE86C439B038FBCA6 /* Pods-FitnessTests.release.xcconfig */,
			);
			name = Pods;
			path = Pods;
			sourceTree = "<group>";
		};
		B59768CB24DFDCCE00E552B4 = {
			isa = PBXGroup;
			children = (
				B597690724DFDD5F00E552B4 /* GoogleService-Info.plist */,
				B59768D624DFDCCE00E552B4 /* Fitness */,
				B59768ED24DFDCD700E552B4 /* FitnessTests */,
				B59768F824DFDCD700E552B4 /* FitnessUITests */,
				B59768D524DFDCCE00E552B4 /* Products */,
				A8C0964D089C353C8BF736B3 /* Pods */,
				006F6BB335087B2C761AABC6 /* Frameworks */,
			);
			sourceTree = "<group>";
		};
		B59768D524DFDCCE00E552B4 /* Products */ = {
			isa = PBXGroup;
			children = (
				B59768D424DFDCCE00E552B4 /* Fitness.app */,
				B59768EA24DFDCD700E552B4 /* FitnessTests.xctest */,
				B59768F524DFDCD700E552B4 /* FitnessUITests.xctest */,
			);
			name = Products;
			sourceTree = "<group>";
		};
		B59768D624DFDCCE00E552B4 /* Fitness */ = {
			isa = PBXGroup;
			children = (
				B59768D724DFDCCE00E552B4 /* AppDelegate.swift */,
				B59768D924DFDCCE00E552B4 /* SceneDelegate.swift */,
				B59768DB24DFDCCE00E552B4 /* ContentView.swift */,
				B59768DD24DFDCD600E552B4 /* Assets.xcassets */,
				B59768E224DFDCD600E552B4 /* LaunchScreen.storyboard */,
				B59768E524DFDCD600E552B4 /* Info.plist */,
				B59768DF24DFDCD600E552B4 /* Preview Content */,
			);
			path = Fitness;
			sourceTree = "<group>";
		};
		B59768DF24DFDCD600E552B4 /* Preview Content */ = {
			isa = PBXGroup;
			children = (
				B59768E024DFDCD600E552B4 /* Preview Assets.xcassets */,
			);
			path = "Preview Content";
			sourceTree = "<group>";
		};
		B59768ED24DFDCD700E552B4 /* FitnessTests */ = {
			isa = PBXGroup;
			children = (
				B59768EE24DFDCD700E552B4 /* FitnessTests.swift */,
				B59768F024DFDCD700E552B4 /* Info.plist */,
			);
			path = FitnessTests;
			sourceTree = "<group>";
		};
		B59768F824DFDCD700E552B4 /* FitnessUITests */ = {
			isa = PBXGroup;
			children = (
				B59768F924DFDCD700E552B4 /* FitnessUITests.swift */,
				B59768FB24DFDCD700E552B4 /* Info.plist */,
			);
			path = FitnessUITests;
			sourceTree = "<group>";
		};
/* End PBXGroup section */

/* Begin PBXNativeTarget section */
		B59768D324DFDCCE00E552B4 /* Fitness */ = {
			isa = PBXNativeTarget;
			buildConfigurationList = B59768FE24DFDCD700E552B4 /* Build configuration list for PBXNativeTarget "Fitness" */;
			buildPhases = (
				DFC4478D459793B6EAB7293C /* [CP] Check Pods Manifest.lock */,
				B59768D024DFDCCE00E552B4 /* Sources */,
				B59768D124DFDCCE00E552B4 /* Frameworks */,
				B59768D224DFDCCE00E552B4 /* Resources */,
				D53DC806973AFC4C1D801363 /* [CP] Embed Pods Frameworks */,
			);
			buildRules = (
			);
			dependencies = (
			);
			name = Fitness;
			productName = Fitness;
			productReference = B59768D424DFDCCE00E552B4 /* Fitness.app */;
			productType = "com.apple.product-type.application";
		};
		B59768E924DFDCD700E552B4 /* FitnessTests */ = {
			isa = PBXNativeTarget;
			buildConfigurationList = B597690124DFDCD700E552B4 /* Build configuration list for PBXNativeTarget "FitnessTests" */;
			buildPhases = (
				4AEE956DC8D935DF420DA606 /* [CP] Check Pods Manifest.lock */,
				B59768E624DFDCD700E552B4 /* Sources */,
				B59768E724DFDCD700E552B4 /* Frameworks */,
				B59768E824DFDCD700E552B4 /* Resources */,
			);
			buildRules = (
			);
			dependencies = (
				B59768EC24DFDCD700E552B4 /* PBXTargetDependency */,
			);
			name = FitnessTests;
			productName = FitnessTests;
			productReference = B59768EA24DFDCD700E552B4 /* FitnessTests.xctest */;
			productType = "com.apple.product-type.bundle.unit-test";
		};
		B59768F424DFDCD700E552B4 /* FitnessUITests */ = {
			isa = PBXNativeTarget;
			buildConfigurationList = B597690424DFDCD700E552B4 /* Build configuration list for PBXNativeTarget "FitnessUITests" */;
			buildPhases = (
				96456BD9D0E825EED4645FE3 /* [CP] Check Pods Manifest.lock */,
				B59768F124DFDCD700E552B4 /* Sources */,
				B59768F224DFDCD700E552B4 /* Frameworks */,
				B59768F324DFDCD700E552B4 /* Resources */,
				0D135BF3BBE8AA68D6D38F10 /* [CP] Embed Pods Frameworks */,
			);
			buildRules = (
			);
			dependencies = (
				B59768F724DFDCD700E552B4 /* PBXTargetDependency */,
			);
			name = FitnessUITests;
			productName = FitnessUITests;
			productReference = B59768F524DFDCD700E552B4 /* FitnessUITests.xctest */;
			productType = "com.apple.product-type.bundle.ui-testing";
		};
/* End PBXNativeTarget section */

/* Begin PBXProject section */
		B59768CC24DFDCCE00E552B4 /* Project object */ = {
			isa = PBXProject;
			attributes = {
				LastSwiftUpdateCheck = 1160;
				LastUpgradeCheck = 1160;
				ORGANIZATIONNAME = CreatesApp;
				TargetAttributes = {
					B59768D324DFDCCE00E552B4 = {
						CreatedOnToolsVersion = 11.6;
					};
					B59768E924DFDCD700E552B4 = {
						CreatedOnToolsVersion = 11.6;
						TestTargetID = B59768D324DFDCCE00E552B4;
					};
					B59768F424DFDCD700E552B4 = {
						CreatedOnToolsVersion = 11.6;
						TestTargetID = B59768D324DFDCCE00E552B4;
					};
				};
			};
			buildConfigurationList = B59768CF24DFDCCE00E552B4 /* Build configuration list for PBXProject "Fitness" */;
			compatibilityVersion = "Xcode 9.3";
			developmentRegion = en;
			hasScannedForEncodings = 0;
			knownRegions = (
				en,
				Base,
			);
			mainGroup = B59768CB24DFDCCE00E552B4;
			productRefGroup = B59768D524DFDCCE00E552B4 /* Products */;
			projectDirPath = "";
			projectRoot = "";
			targets = (
				B59768D324DFDCCE00E552B4 /* Fitness */,
				B59768E924DFDCD700E552B4 /* FitnessTests */,
				B59768F424DFDCD700E552B4 /* FitnessUITests */,
			);
		};
/* End PBXProject section */

/* Begin PBXResourcesBuildPhase section */
		B59768D224DFDCCE00E552B4 /* Resources */ = {
			isa = PBXResourcesBuildPhase;
			buildActionMask = 2147483647;
			files = (
				B59768E424DFDCD600E552B4 /* LaunchScreen.storyboard in Resources */,
				B59768E124DFDCD600E552B4 /* Preview Assets.xcassets in Resources */,
				B59768DE24DFDCD600E552B4 /* Assets.xcassets in Resources */,
				B597690824DFDD5F00E552B4 /* GoogleService-Info.plist in Resources */,
			);
			runOnlyForDeploymentPostprocessing = 0;
		};
		B59768E824DFDCD700E552B4 /* Resources */ = {
			isa = PBXResourcesBuildPhase;
			buildActionMask = 2147483647;
			files = (
			);
			runOnlyForDeploymentPostprocessing = 0;
		};
		B59768F324DFDCD700E552B4 /* Resources */ = {
			isa = PBXResourcesBuildPhase;
			buildActionMask = 2147483647;
			files = (
			);
			runOnlyForDeploymentPostprocessing = 0;
		};
/* End PBXResourcesBuildPhase section */

/* Begin PBXShellScriptBuildPhase section */
		0D135BF3BBE8AA68D6D38F10 /* [CP] Embed Pods Frameworks */ = {
			isa = PBXShellScriptBuildPhase;
			buildActionMask = 2147483647;
			files = (
			);
			inputFileListPaths = (
				"${PODS_ROOT}/Target Support Files/Pods-Fitness-FitnessUITests/Pods-Fitness-FitnessUITests-frameworks-${CONFIGURATION}-input-files.xcfilelist",
			);
			name = "[CP] Embed Pods Frameworks";
			outputFileListPaths = (
				"${PODS_ROOT}/Target Support Files/Pods-Fitness-FitnessUITests/Pods-Fitness-FitnessUITests-frameworks-${CONFIGURATION}-output-files.xcfilelist",
			);
			runOnlyForDeploymentPostprocessing = 0;
			shellPath = /bin/sh;
			shellScript = "\"${PODS_ROOT}/Target Support Files/Pods-Fitness-FitnessUITests/Pods-Fitness-FitnessUITests-frameworks.sh\"\n";
			showEnvVarsInLog = 0;
		};
		4AEE956DC8D935DF420DA606 /* [CP] Check Pods Manifest.lock */ = {
			isa = PBXShellScriptBuildPhase;
			buildActionMask = 2147483647;
			files = (
			);
			inputFileListPaths = (
			);
			inputPaths = (
				"${PODS_PODFILE_DIR_PATH}/Podfile.lock",
				"${PODS_ROOT}/Manifest.lock",
			);
			name = "[CP] Check Pods Manifest.lock";
			outputFileListPaths = (
			);
			outputPaths = (
				"$(DERIVED_FILE_DIR)/Pods-FitnessTests-checkManifestLockResult.txt",
			);
			runOnlyForDeploymentPostprocessing = 0;
			shellPath = /bin/sh;
			shellScript = "diff \"${PODS_PODFILE_DIR_PATH}/Podfile.lock\" \"${PODS_ROOT}/Manifest.lock\" > /dev/null\nif [ $? != 0 ] ; then\n    # print error to STDERR\n    echo \"error: The sandbox is not in sync with the Podfile.lock. Run 'pod install' or update your CocoaPods installation.\" >&2\n    exit 1\nfi\n# This output is used by Xcode 'outputs' to avoid re-running this script phase.\necho \"SUCCESS\" > \"${SCRIPT_OUTPUT_FILE_0}\"\n";
			showEnvVarsInLog = 0;
		};
		96456BD9D0E825EED4645FE3 /* [CP] Check Pods Manifest.lock */ = {
			isa = PBXShellScriptBuildPhase;
			buildActionMask = 2147483647;
			files = (
			);
			inputFileListPaths = (
			);
			inputPaths = (
				"${PODS_PODFILE_DIR_PATH}/Podfile.lock",
				"${PODS_ROOT}/Manifest.lock",
			);
			name = "[CP] Check Pods Manifest.lock";
			outputFileListPaths = (
			);
			outputPaths = (
				"$(DERIVED_FILE_DIR)/Pods-Fitness-FitnessUITests-checkManifestLockResult.txt",
			);
			runOnlyForDeploymentPostprocessing = 0;
			shellPath = /bin/sh;
			shellScript = "diff \"${PODS_PODFILE_DIR_PATH}/Podfile.lock\" \"${PODS_ROOT}/Manifest.lock\" > /dev/null\nif [ $? != 0 ] ; then\n    # print error to STDERR\n    echo \"error: The sandbox is not in sync with the Podfile.lock. Run 'pod install' or update your CocoaPods installation.\" >&2\n    exit 1\nfi\n# This output is used by Xcode 'outputs' to avoid re-running this script phase.\necho \"SUCCESS\" > \"${SCRIPT_OUTPUT_FILE_0}\"\n";
			showEnvVarsInLog = 0;
		};
		D53DC806973AFC4C1D801363 /* [CP] Embed Pods Frameworks */ = {
			isa = PBXShellScriptBuildPhase;
			buildActionMask = 2147483647;
			files = (
			);
			inputFileListPaths = (
				"${PODS_ROOT}/Target Support Files/Pods-Fitness/Pods-Fitness-frameworks-${CONFIGURATION}-input-files.xcfilelist",
			);
			name = "[CP] Embed Pods Frameworks";
			outputFileListPaths = (
				"${PODS_ROOT}/Target Support Files/Pods-Fitness/Pods-Fitness-frameworks-${CONFIGURATION}-output-files.xcfilelist",
			);
			runOnlyForDeploymentPostprocessing = 0;
			shellPath = /bin/sh;
			shellScript = "\"${PODS_ROOT}/Target Support Files/Pods-Fitness/Pods-Fitness-frameworks.sh\"\n";
			showEnvVarsInLog = 0;
		};
		DFC4478D459793B6EAB7293C /* [CP] Check Pods Manifest.lock */ = {
			isa = PBXShellScriptBuildPhase;
			buildActionMask = 2147483647;
			files = (
			);
			inputFileListPaths = (
			);
			inputPaths = (
				"${PODS_PODFILE_DIR_PATH}/Podfile.lock",
				"${PODS_ROOT}/Manifest.lock",
			);
			name = "[CP] Check Pods Manifest.lock";
			outputFileListPaths = (
			);
			outputPaths = (
				"$(DERIVED_FILE_DIR)/Pods-Fitness-checkManifestLockResult.txt",
			);
			runOnlyForDeploymentPostprocessing = 0;
			shellPath = /bin/sh;
			shellScript = "diff \"${PODS_PODFILE_DIR_PATH}/Podfile.lock\" \"${PODS_ROOT}/Manifest.lock\" > /dev/null\nif [ $? != 0 ] ; then\n    # print error to STDERR\n    echo \"error: The sandbox is not in sync with the Podfile.lock. Run 'pod install' or update your CocoaPods installation.\" >&2\n    exit 1\nfi\n# This output is used by Xcode 'outputs' to avoid re-running this script phase.\necho \"SUCCESS\" > \"${SCRIPT_OUTPUT_FILE_0}\"\n";
			showEnvVarsInLog = 0;
		};
/* End PBXShellScriptBuildPhase section */

/* Begin PBXSourcesBuildPhase section */
		B59768D024DFDCCE00E552B4 /* Sources */ = {
			isa = PBXSourcesBuildPhase;
			buildActionMask = 2147483647;
			files = (
				B59768D824DFDCCE00E552B4 /* AppDelegate.swift in Sources */,
				B59768DA24DFDCCE00E552B4 /* SceneDelegate.swift in Sources */,
				B59768DC24DFDCCE00E552B4 /* ContentView.swift in Sources */,
			);
			runOnlyForDeploymentPostprocessing = 0;
		};
		B59768E624DFDCD700E552B4 /* Sources */ = {
			isa = PBXSourcesBuildPhase;
			buildActionMask = 2147483647;
			files = (
				B59768EF24DFDCD700E552B4 /* FitnessTests.swift in Sources */,
			);
			runOnlyForDeploymentPostprocessing = 0;
		};
		B59768F124DFDCD700E552B4 /* Sources */ = {
			isa = PBXSourcesBuildPhase;
			buildActionMask = 2147483647;
			files = (
				B59768FA24DFDCD700E552B4 /* FitnessUITests.swift in Sources */,
			);
			runOnlyForDeploymentPostprocessing = 0;
		};
/* End PBXSourcesBuildPhase section */

/* Begin PBXTargetDependency section */
		B59768EC24DFDCD700E552B4 /* PBXTargetDependency */ = {
			isa = PBXTargetDependency;
			target = B59768D324DFDCCE00E552B4 /* Fitness */;
			targetProxy = B59768EB24DFDCD700E552B4 /* PBXContainerItemProxy */;
		};
		B59768F724DFDCD700E552B4 /* PBXTargetDependency */ = {
			isa = PBXTargetDependency;
			target = B59768D324DFDCCE00E552B4 /* Fitness */;
			targetProxy = B59768F624DFDCD700E552B4 /* PBXContainerItemProxy */;
		};
/* End PBXTargetDependency section */

/* Begin PBXVariantGroup section */
		B59768E224DFDCD600E552B4 /* LaunchScreen.storyboard */ = {
			isa = PBXVariantGroup;
			children = (
				B59768E324DFDCD600E552B4 /* Base */,
			);
			name = LaunchScreen.storyboard;
			sourceTree = "<group>";
		};
/* End PBXVariantGroup section */

/* Begin XCBuildConfiguration section */
		B59768FC24DFDCD700E552B4 /* Debug */ = {
			isa = XCBuildConfiguration;
			buildSettings = {
				ALWAYS_SEARCH_USER_PATHS = NO;
				CLANG_ANALYZER_NONNULL = YES;
				CLANG_ANALYZER_NUMBER_OBJECT_CONVERSION = YES_AGGRESSIVE;
				CLANG_CXX_LANGUAGE_STANDARD = "gnu++14";
				CLANG_CXX_LIBRARY = "libc++";
				CLANG_ENABLE_MODULES = YES;
				CLANG_ENABLE_OBJC_ARC = YES;
				CLANG_ENABLE_OBJC_WEAK = YES;
				CLANG_WARN_BLOCK_CAPTURE_AUTORELEASING = YES;
				CLANG_WARN_BOOL_CONVERSION = YES;
				CLANG_WARN_COMMA = YES;
				CLANG_WARN_CONSTANT_CONVERSION = YES;
				CLANG_WARN_DEPRECATED_OBJC_IMPLEMENTATIONS = YES;
				CLANG_WARN_DIRECT_OBJC_ISA_USAGE = YES_ERROR;
				CLANG_WARN_DOCUMENTATION_COMMENTS = YES;
				CLANG_WARN_EMPTY_BODY = YES;
				CLANG_WARN_ENUM_CONVERSION = YES;
				CLANG_WARN_INFINITE_RECURSION = YES;
				CLANG_WARN_INT_CONVERSION = YES;
				CLANG_WARN_NON_LITERAL_NULL_CONVERSION = YES;
				CLANG_WARN_OBJC_IMPLICIT_RETAIN_SELF = YES;
				CLANG_WARN_OBJC_LITERAL_CONVERSION = YES;
				CLANG_WARN_OBJC_ROOT_CLASS = YES_ERROR;
				CLANG_WARN_RANGE_LOOP_ANALYSIS = YES;
				CLANG_WARN_STRICT_PROTOTYPES = YES;
				CLANG_WARN_SUSPICIOUS_MOVE = YES;
				CLANG_WARN_UNGUARDED_AVAILABILITY = YES_AGGRESSIVE;
				CLANG_WARN_UNREACHABLE_CODE = YES;
				CLANG_WARN__DUPLICATE_METHOD_MATCH = YES;
				COPY_PHASE_STRIP = NO;
				DEBUG_INFORMATION_FORMAT = dwarf;
				ENABLE_STRICT_OBJC_MSGSEND = YES;
				ENABLE_TESTABILITY = YES;
				GCC_C_LANGUAGE_STANDARD = gnu11;
				GCC_DYNAMIC_NO_PIC = NO;
				GCC_NO_COMMON_BLOCKS = YES;
				GCC_OPTIMIZATION_LEVEL = 0;
				GCC_PREPROCESSOR_DEFINITIONS = (
					"DEBUG=1",
					"$(inherited)",
				);
				GCC_WARN_64_TO_32_BIT_CONVERSION = YES;
				GCC_WARN_ABOUT_RETURN_TYPE = YES_ERROR;
				GCC_WARN_UNDECLARED_SELECTOR = YES;
				GCC_WARN_UNINITIALIZED_AUTOS = YES_AGGRESSIVE;
				GCC_WARN_UNUSED_FUNCTION = YES;
				GCC_WARN_UNUSED_VARIABLE = YES;
				IPHONEOS_DEPLOYMENT_TARGET = 13.6;
				MTL_ENABLE_DEBUG_INFO = INCLUDE_SOURCE;
				MTL_FAST_MATH = YES;
				ONLY_ACTIVE_ARCH = YES;
				SDKROOT = iphoneos;
				SWIFT_ACTIVE_COMPILATION_CONDITIONS = DEBUG;
				SWIFT_OPTIMIZATION_LEVEL = "-Onone";
			};
			name = Debug;
		};
		B59768FD24DFDCD700E552B4 /* Release */ = {
			isa = XCBuildConfiguration;
			buildSettings = {
				ALWAYS_SEARCH_USER_PATHS = NO;
				CLANG_ANALYZER_NONNULL = YES;
				CLANG_ANALYZER_NUMBER_OBJECT_CONVERSION = YES_AGGRESSIVE;
				CLANG_CXX_LANGUAGE_STANDARD = "gnu++14";
				CLANG_CXX_LIBRARY = "libc++";
				CLANG_ENABLE_MODULES = YES;
				CLANG_ENABLE_OBJC_ARC = YES;
				CLANG_ENABLE_OBJC_WEAK = YES;
				CLANG_WARN_BLOCK_CAPTURE_AUTORELEASING = YES;
				CLANG_WARN_BOOL_CONVERSION = YES;
				CLANG_WARN_COMMA = YES;
				CLANG_WARN_CONSTANT_CONVERSION = YES;
				CLANG_WARN_DEPRECATED_OBJC_IMPLEMENTATIONS = YES;
				CLANG_WARN_DIRECT_OBJC_ISA_USAGE = YES_ERROR;
				CLANG_WARN_DOCUMENTATION_COMMENTS = YES;
				CLANG_WARN_EMPTY_BODY = YES;
				CLANG_WARN_ENUM_CONVERSION = YES;
				CLANG_WARN_INFINITE_RECURSION = YES;
				CLANG_WARN_INT_CONVERSION = YES;
				CLANG_WARN_NON_LITERAL_NULL_CONVERSION = YES;
				CLANG_WARN_OBJC_IMPLICIT_RETAIN_SELF = YES;
				CLANG_WARN_OBJC_LITERAL_CONVERSION = YES;
				CLANG_WARN_OBJC_ROOT_CLASS = YES_ERROR;
				CLANG_WARN_RANGE_LOOP_ANALYSIS = YES;
				CLANG_WARN_STRICT_PROTOTYPES = YES;
				CLANG_WARN_SUSPICIOUS_MOVE = YES;
				CLANG_WARN_UNGUARDED_AVAILABILITY = YES_AGGRESSIVE;
				CLANG_WARN_UNREACHABLE_CODE = YES;
				CLANG_WARN__DUPLICATE_METHOD_MATCH = YES;
				COPY_PHASE_STRIP = NO;
				DEBUG_INFORMATION_FORMAT = "dwarf-with-dsym";
				ENABLE_NS_ASSERTIONS = NO;
				ENABLE_STRICT_OBJC_MSGSEND = YES;
				GCC_C_LANGUAGE_STANDARD = gnu11;
				GCC_NO_COMMON_BLOCKS = YES;
				GCC_WARN_64_TO_32_BIT_CONVERSION = YES;
				GCC_WARN_ABOUT_RETURN_TYPE = YES_ERROR;
				GCC_WARN_UNDECLARED_SELECTOR = YES;
				GCC_WARN_UNINITIALIZED_AUTOS = YES_AGGRESSIVE;
				GCC_WARN_UNUSED_FUNCTION = YES;
				GCC_WARN_UNUSED_VARIABLE = YES;
				IPHONEOS_DEPLOYMENT_TARGET = 13.6;
				MTL_ENABLE_DEBUG_INFO = NO;
				MTL_FAST_MATH = YES;
				SDKROOT = iphoneos;
				SWIFT_COMPILATION_MODE = wholemodule;
				SWIFT_OPTIMIZATION_LEVEL = "-O";
				VALIDATE_PRODUCT = YES;
			};
			name = Release;
		};
		B59768FF24DFDCD700E552B4 /* Debug */ = {
			isa = XCBuildConfiguration;
			baseConfigurationReference = 801CD3102303FE8ADFFD9878 /* Pods-Fitness.debug.xcconfig */;
			buildSettings = {
				ASSETCATALOG_COMPILER_APPICON_NAME = AppIcon;
				CODE_SIGN_STYLE = Automatic;
				DEVELOPMENT_ASSET_PATHS = "\"Fitness/Preview Content\"";
				ENABLE_PREVIEWS = YES;
				INFOPLIST_FILE = Fitness/Info.plist;
				LD_RUNPATH_SEARCH_PATHS = (
					"$(inherited)",
					"@executable_path/Frameworks",
				);
				PRODUCT_BUNDLE_IDENTIFIER = com.createsapp.Fitness;
				PRODUCT_NAME = "$(TARGET_NAME)";
				SWIFT_VERSION = 5.0;
				TARGETED_DEVICE_FAMILY = "1,2";
			};
			name = Debug;
		};
		B597690024DFDCD700E552B4 /* Release */ = {
			isa = XCBuildConfiguration;
			baseConfigurationReference = 8B47F0F30250C5FF6FF81A09 /* Pods-Fitness.release.xcconfig */;
			buildSettings = {
				ASSETCATALOG_COMPILER_APPICON_NAME = AppIcon;
				CODE_SIGN_STYLE = Automatic;
				DEVELOPMENT_ASSET_PATHS = "\"Fitness/Preview Content\"";
				ENABLE_PREVIEWS = YES;
				INFOPLIST_FILE = Fitness/Info.plist;
				LD_RUNPATH_SEARCH_PATHS = (
					"$(inherited)",
					"@executable_path/Frameworks",
				);
				PRODUCT_BUNDLE_IDENTIFIER = com.createsapp.Fitness;
				PRODUCT_NAME = "$(TARGET_NAME)";
				SWIFT_VERSION = 5.0;
				TARGETED_DEVICE_FAMILY = "1,2";
			};
			name = Release;
		};
		B597690224DFDCD700E552B4 /* Debug */ = {
			isa = XCBuildConfiguration;
			baseConfigurationReference = 76819EF9E91873E270DAB0E0 /* Pods-FitnessTests.debug.xcconfig */;
			buildSettings = {
				ALWAYS_EMBED_SWIFT_STANDARD_LIBRARIES = YES;
				BUNDLE_LOADER = "$(TEST_HOST)";
				CODE_SIGN_STYLE = Automatic;
				INFOPLIST_FILE = FitnessTests/Info.plist;
				IPHONEOS_DEPLOYMENT_TARGET = 13.6;
				LD_RUNPATH_SEARCH_PATHS = (
					"$(inherited)",
					"@executable_path/Frameworks",
					"@loader_path/Frameworks",
				);
				PRODUCT_BUNDLE_IDENTIFIER = com.createsapp.FitnessTests;
				PRODUCT_NAME = "$(TARGET_NAME)";
				SWIFT_VERSION = 5.0;
				TARGETED_DEVICE_FAMILY = "1,2";
				TEST_HOST = "$(BUILT_PRODUCTS_DIR)/Fitness.app/Fitness";
			};
			name = Debug;
		};
		B597690324DFDCD700E552B4 /* Release */ = {
			isa = XCBuildConfiguration;
			baseConfigurationReference = A458399FE86C439B038FBCA6 /* Pods-FitnessTests.release.xcconfig */;
			buildSettings = {
				ALWAYS_EMBED_SWIFT_STANDARD_LIBRARIES = YES;
				BUNDLE_LOADER = "$(TEST_HOST)";
				CODE_SIGN_STYLE = Automatic;
				INFOPLIST_FILE = FitnessTests/Info.plist;
				IPHONEOS_DEPLOYMENT_TARGET = 13.6;
				LD_RUNPATH_SEARCH_PATHS = (
					"$(inherited)",
					"@executable_path/Frameworks",
					"@loader_path/Frameworks",
				);
				PRODUCT_BUNDLE_IDENTIFIER = com.createsapp.FitnessTests;
				PRODUCT_NAME = "$(TARGET_NAME)";
				SWIFT_VERSION = 5.0;
				TARGETED_DEVICE_FAMILY = "1,2";
				TEST_HOST = "$(BUILT_PRODUCTS_DIR)/Fitness.app/Fitness";
			};
			name = Release;
		};
		B597690524DFDCD700E552B4 /* Debug */ = {
			isa = XCBuildConfiguration;
			baseConfigurationReference = 77A73B93AC37126A369F73DB /* Pods-Fitness-FitnessUITests.debug.xcconfig */;
			buildSettings = {
				ALWAYS_EMBED_SWIFT_STANDARD_LIBRARIES = YES;
				CODE_SIGN_STYLE = Automatic;
				INFOPLIST_FILE = FitnessUITests/Info.plist;
				LD_RUNPATH_SEARCH_PATHS = (
					"$(inherited)",
					"@executable_path/Frameworks",
					"@loader_path/Frameworks",
				);
				PRODUCT_BUNDLE_IDENTIFIER = com.createsapp.FitnessUITests;
				PRODUCT_NAME = "$(TARGET_NAME)";
				SWIFT_VERSION = 5.0;
				TARGETED_DEVICE_FAMILY = "1,2";
				TEST_TARGET_NAME = Fitness;
			};
			name = Debug;
		};
		B597690624DFDCD700E552B4 /* Release */ = {
			isa = XCBuildConfiguration;
			baseConfigurationReference = D08757E7628E626C019994E3 /* Pods-Fitness-FitnessUITests.release.xcconfig */;
			buildSettings = {
				ALWAYS_EMBED_SWIFT_STANDARD_LIBRARIES = YES;
				CODE_SIGN_STYLE = Automatic;
				INFOPLIST_FILE = FitnessUITests/Info.plist;
				LD_RUNPATH_SEARCH_PATHS = (
					"$(inherited)",
					"@executable_path/Frameworks",
					"@loader_path/Frameworks",
				);
				PRODUCT_BUNDLE_IDENTIFIER = com.createsapp.FitnessUITests;
				PRODUCT_NAME = "$(TARGET_NAME)";
				SWIFT_VERSION = 5.0;
				TARGETED_DEVICE_FAMILY = "1,2";
				TEST_TARGET_NAME = Fitness;
			};
			name = Release;
		};
/* End XCBuildConfiguration section */

/* Begin XCConfigurationList section */
		B59768CF24DFDCCE00E552B4 /* Build configuration list for PBXProject "Fitness" */ = {
			isa = XCConfigurationList;
			buildConfigurations = (
				B59768FC24DFDCD700E552B4 /* Debug */,
				B59768FD24DFDCD700E552B4 /* Release */,
			);
			defaultConfigurationIsVisible = 0;
			defaultConfigurationName = Release;
		};
		B59768FE24DFDCD700E552B4 /* Build configuration list for PBXNativeTarget "Fitness" */ = {
			isa = XCConfigurationList;
			buildConfigurations = (
				B59768FF24DFDCD700E552B4 /* Debug */,
				B597690024DFDCD700E552B4 /* Release */,
			);
			defaultConfigurationIsVisible = 0;
			defaultConfigurationName = Release;
		};
		B597690124DFDCD700E552B4 /* Build configuration list for PBXNativeTarget "FitnessTests" */ = {
			isa = XCConfigurationList;
			buildConfigurations = (
				B597690224DFDCD700E552B4 /* Debug */,
				B597690324DFDCD700E552B4 /* Release */,
			);
			defaultConfigurationIsVisible = 0;
			defaultConfigurationName = Release;
		};
		B597690424DFDCD700E552B4 /* Build configuration list for PBXNativeTarget "FitnessUITests" */ = {
			isa = XCConfigurationList;
			buildConfigurations = (
				B597690524DFDCD700E552B4 /* Debug */,
				B597690624DFDCD700E552B4 /* Release */,
			);
			defaultConfigurationIsVisible = 0;
			defaultConfigurationName = Release;
		};
/* End XCConfigurationList section */
	};
	rootObject = B59768CC24DFDCCE00E552B4 /* Project object */;
}
